// !$*UTF8*$!
{
	archiveVersion = 1;
	classes = {
	};
	objectVersion = 50;
	objects = {

/* Begin PBXBuildFile section */
		7ABDF8048E6133F254F2EEA0 /* libPods-HBDataBaseDemo.a in Frameworks */ = {isa = PBXBuildFile; fileRef = 476BEC4530A181FF6EFAE2A6 /* libPods-HBDataBaseDemo.a */; };
		7D153D4E21F0C365002882C5 /* HBDao.m in Sources */ = {isa = PBXBuildFile; fileRef = 7D153D4D21F0C365002882C5 /* HBDao.m */; };
		7D71910521ECD26F003BF379 /* AppDelegate.m in Sources */ = {isa = PBXBuildFile; fileRef = 7D71910421ECD26F003BF379 /* AppDelegate.m */; };
		7D71910821ECD26F003BF379 /* ViewController.m in Sources */ = {isa = PBXBuildFile; fileRef = 7D71910721ECD26F003BF379 /* ViewController.m */; };
		7D71910B21ECD270003BF379 /* Main.storyboard in Resources */ = {isa = PBXBuildFile; fileRef = 7D71910921ECD26F003BF379 /* Main.storyboard */; };
		7D71910D21ECD273003BF379 /* Assets.xcassets in Resources */ = {isa = PBXBuildFile; fileRef = 7D71910C21ECD273003BF379 /* Assets.xcassets */; };
		7D71911021ECD273003BF379 /* LaunchScreen.storyboard in Resources */ = {isa = PBXBuildFile; fileRef = 7D71910E21ECD273003BF379 /* LaunchScreen.storyboard */; };
		7D71911321ECD273003BF379 /* main.m in Sources */ = {isa = PBXBuildFile; fileRef = 7D71911221ECD273003BF379 /* main.m */; };
		7D71911C21ECD926003BF379 /* HBDataBaseHelper.m in Sources */ = {isa = PBXBuildFile; fileRef = 7D71911B21ECD926003BF379 /* HBDataBaseHelper.m */; };
/* End PBXBuildFile section */

/* Begin PBXFileReference section */
		0082F0F0B23F6B0CBB8FB0A1 /* Pods-HBDataBaseDemo.debug.xcconfig */ = {isa = PBXFileReference; includeInIndex = 1; lastKnownFileType = text.xcconfig; name = "Pods-HBDataBaseDemo.debug.xcconfig"; path = "Pods/Target Support Files/Pods-HBDataBaseDemo/Pods-HBDataBaseDemo.debug.xcconfig"; sourceTree = "<group>"; };
		45E8EA54DA417F513A9A71D2 /* Pods-HBDataBaseDemo.release.xcconfig */ = {isa = PBXFileReference; includeInIndex = 1; lastKnownFileType = text.xcconfig; name = "Pods-HBDataBaseDemo.release.xcconfig"; path = "Pods/Target Support Files/Pods-HBDataBaseDemo/Pods-HBDataBaseDemo.release.xcconfig"; sourceTree = "<group>"; };
		476BEC4530A181FF6EFAE2A6 /* libPods-HBDataBaseDemo.a */ = {isa = PBXFileReference; explicitFileType = archive.ar; includeInIndex = 0; path = "libPods-HBDataBaseDemo.a"; sourceTree = BUILT_PRODUCTS_DIR; };
		7D153D4C21F0C365002882C5 /* HBDao.h */ = {isa = PBXFileReference; lastKnownFileType = sourcecode.c.h; path = HBDao.h; sourceTree = "<group>"; };
		7D153D4D21F0C365002882C5 /* HBDao.m */ = {isa = PBXFileReference; lastKnownFileType = sourcecode.c.objc; path = HBDao.m; sourceTree = "<group>"; };
		7D71910021ECD26F003BF379 /* HBDataBaseDemo.app */ = {isa = PBXFileReference; explicitFileType = wrapper.application; includeInIndex = 0; path = HBDataBaseDemo.app; sourceTree = BUILT_PRODUCTS_DIR; };
		7D71910321ECD26F003BF379 /* AppDelegate.h */ = {isa = PBXFileReference; lastKnownFileType = sourcecode.c.h; path = AppDelegate.h; sourceTree = "<group>"; };
		7D71910421ECD26F003BF379 /* AppDelegate.m */ = {isa = PBXFileReference; lastKnownFileType = sourcecode.c.objc; path = AppDelegate.m; sourceTree = "<group>"; };
		7D71910621ECD26F003BF379 /* ViewController.h */ = {isa = PBXFileReference; lastKnownFileType = sourcecode.c.h; path = ViewController.h; sourceTree = "<group>"; };
		7D71910721ECD26F003BF379 /* ViewController.m */ = {isa = PBXFileReference; lastKnownFileType = sourcecode.c.objc; path = ViewController.m; sourceTree = "<group>"; };
		7D71910A21ECD26F003BF379 /* Base */ = {isa = PBXFileReference; lastKnownFileType = file.storyboard; name = Base; path = Base.lproj/Main.storyboard; sourceTree = "<group>"; };
		7D71910C21ECD273003BF379 /* Assets.xcassets */ = {isa = PBXFileReference; lastKnownFileType = folder.assetcatalog; path = Assets.xcassets; sourceTree = "<group>"; };
		7D71910F21ECD273003BF379 /* Base */ = {isa = PBXFileReference; lastKnownFileType = file.storyboard; name = Base; path = Base.lproj/LaunchScreen.storyboard; sourceTree = "<group>"; };
		7D71911121ECD273003BF379 /* Info.plist */ = {isa = PBXFileReference; lastKnownFileType = text.plist.xml; path = Info.plist; sourceTree = "<group>"; };
		7D71911221ECD273003BF379 /* main.m */ = {isa = PBXFileReference; lastKnownFileType = sourcecode.c.objc; path = main.m; sourceTree = "<group>"; };
		7D71911A21ECD926003BF379 /* HBDataBaseHelper.h */ = {isa = PBXFileReference; lastKnownFileType = sourcecode.c.h; path = HBDataBaseHelper.h; sourceTree = "<group>"; };
		7D71911B21ECD926003BF379 /* HBDataBaseHelper.m */ = {isa = PBXFileReference; lastKnownFileType = sourcecode.c.objc; path = HBDataBaseHelper.m; sourceTree = "<group>"; };
/* End PBXFileReference section */

/* Begin PBXFrameworksBuildPhase section */
		7D7190FD21ECD26F003BF379 /* Frameworks */ = {
			isa = PBXFrameworksBuildPhase;
			buildActionMask = 2147483647;
			files = (
				7ABDF8048E6133F254F2EEA0 /* libPods-HBDataBaseDemo.a in Frameworks */,
			);
			runOnlyForDeploymentPostprocessing = 0;
		};
/* End PBXFrameworksBuildPhase section */

/* Begin PBXGroup section */
		4B096A429FD51B56BF7561D7 /* Pods */ = {
			isa = PBXGroup;
			children = (
				0082F0F0B23F6B0CBB8FB0A1 /* Pods-HBDataBaseDemo.debug.xcconfig */,
				45E8EA54DA417F513A9A71D2 /* Pods-HBDataBaseDemo.release.xcconfig */,
			);
			name = Pods;
			sourceTree = "<group>";
		};
		7D7190F721ECD26F003BF379 = {
			isa = PBXGroup;
			children = (
				7D71910221ECD26F003BF379 /* HBDataBaseDemo */,
				7D71910121ECD26F003BF379 /* Products */,
				4B096A429FD51B56BF7561D7 /* Pods */,
				7EA14ADB8E0C854F3319D205 /* Frameworks */,
			);
			sourceTree = "<group>";
		};
		7D71910121ECD26F003BF379 /* Products */ = {
			isa = PBXGroup;
			children = (
				7D71910021ECD26F003BF379 /* HBDataBaseDemo.app */,
			);
			name = Products;
			sourceTree = "<group>";
		};
		7D71910221ECD26F003BF379 /* HBDataBaseDemo */ = {
			isa = PBXGroup;
			children = (
				7D71911921ECD34D003BF379 /* HBDataBase */,
				7D71910321ECD26F003BF379 /* AppDelegate.h */,
				7D71910421ECD26F003BF379 /* AppDelegate.m */,
				7D71910621ECD26F003BF379 /* ViewController.h */,
				7D71910721ECD26F003BF379 /* ViewController.m */,
				7D71910921ECD26F003BF379 /* Main.storyboard */,
				7D71910C21ECD273003BF379 /* Assets.xcassets */,
				7D71910E21ECD273003BF379 /* LaunchScreen.storyboard */,
				7D71911121ECD273003BF379 /* Info.plist */,
				7D71911221ECD273003BF379 /* main.m */,
			);
			path = HBDataBaseDemo;
			sourceTree = "<group>";
		};
		7D71911921ECD34D003BF379 /* HBDataBase */ = {
			isa = PBXGroup;
			children = (
				7D71911A21ECD926003BF379 /* HBDataBaseHelper.h */,
				7D71911B21ECD926003BF379 /* HBDataBaseHelper.m */,
				7D153D4C21F0C365002882C5 /* HBDao.h */,
				7D153D4D21F0C365002882C5 /* HBDao.m */,
			);
			path = HBDataBase;
			sourceTree = "<group>";
		};
		7EA14ADB8E0C854F3319D205 /* Frameworks */ = {
			isa = PBXGroup;
			children = (
				476BEC4530A181FF6EFAE2A6 /* libPods-HBDataBaseDemo.a */,
			);
			name = Frameworks;
			sourceTree = "<group>";
		};
/* End PBXGroup section */

/* Begin PBXNativeTarget section */
		7D7190FF21ECD26F003BF379 /* HBDataBaseDemo */ = {
			isa = PBXNativeTarget;
			buildConfigurationList = 7D71911621ECD273003BF379 /* Build configuration list for PBXNativeTarget "HBDataBaseDemo" */;
			buildPhases = (
				CAB874DD4F651C5441A1ECA6 /* [CP] Check Pods Manifest.lock */,
				7D7190FC21ECD26F003BF379 /* Sources */,
				7D7190FD21ECD26F003BF379 /* Frameworks */,
				7D7190FE21ECD26F003BF379 /* Resources */,
			);
			buildRules = (
			);
			dependencies = (
			);
			name = HBDataBaseDemo;
			productName = HBDataBaseDemo;
			productReference = 7D71910021ECD26F003BF379 /* HBDataBaseDemo.app */;
			productType = "com.apple.product-type.application";
		};
/* End PBXNativeTarget section */

/* Begin PBXProject section */
		7D7190F821ECD26F003BF379 /* Project object */ = {
			isa = PBXProject;
			attributes = {
				LastUpgradeCheck = 1010;
				ORGANIZATIONNAME = P.W;
				TargetAttributes = {
					7D7190FF21ECD26F003BF379 = {
						CreatedOnToolsVersion = 10.1;
					};
				};
			};
			buildConfigurationList = 7D7190FB21ECD26F003BF379 /* Build configuration list for PBXProject "HBDataBaseDemo" */;
			compatibilityVersion = "Xcode 9.3";
			developmentRegion = en;
			hasScannedForEncodings = 0;
			knownRegions = (
				en,
				Base,
			);
			mainGroup = 7D7190F721ECD26F003BF379;
			productRefGroup = 7D71910121ECD26F003BF379 /* Products */;
			projectDirPath = "";
			projectRoot = "";
			targets = (
				7D7190FF21ECD26F003BF379 /* HBDataBaseDemo */,
			);
		};
/* End PBXProject section */

/* Begin PBXResourcesBuildPhase section */
		7D7190FE21ECD26F003BF379 /* Resources */ = {
			isa = PBXResourcesBuildPhase;
			buildActionMask = 2147483647;
			files = (
				7D71911021ECD273003BF379 /* LaunchScreen.storyboard in Resources */,
				7D71910D21ECD273003BF379 /* Assets.xcassets in Resources */,
				7D71910B21ECD270003BF379 /* Main.storyboard in Resources */,
			);
			runOnlyForDeploymentPostprocessing = 0;
		};
/* End PBXResourcesBuildPhase section */

/* Begin PBXShellScriptBuildPhase section */
		CAB874DD4F651C5441A1ECA6 /* [CP] Check Pods Manifest.lock */ = {
			isa = PBXShellScriptBuildPhase;
			buildActionMask = 2147483647;
			files = (
			);
			inputPaths = (
				"${PODS_PODFILE_DIR_PATH}/Podfile.lock",
				"${PODS_ROOT}/Manifest.lock",
			);
			name = "[CP] Check Pods Manifest.lock";
			outputPaths = (
				"$(DERIVED_FILE_DIR)/Pods-HBDataBaseDemo-checkManifestLockResult.txt",
			);
			runOnlyForDeploymentPostprocessing = 0;
			shellPath = /bin/sh;
			shellScript = "diff \"${PODS_PODFILE_DIR_PATH}/Podfile.lock\" \"${PODS_ROOT}/Manifest.lock\" > /dev/null\nif [ $? != 0 ] ; then\n    # print error to STDERR\n    echo \"error: The sandbox is not in sync with the Podfile.lock. Run 'pod install' or update your CocoaPods installation.\" >&2\n    exit 1\nfi\n# This output is used by Xcode 'outputs' to avoid re-running this script phase.\necho \"SUCCESS\" > \"${SCRIPT_OUTPUT_FILE_0}\"\n";
			showEnvVarsInLog = 0;
		};
/* End PBXShellScriptBuildPhase section */

/* Begin PBXSourcesBuildPhase section */
		7D7190FC21ECD26F003BF379 /* Sources */ = {
			isa = PBXSourcesBuildPhase;
			buildActionMask = 2147483647;
			files = (
				7D71911C21ECD926003BF379 /* HBDataBaseHelper.m in Sources */,
				7D153D4E21F0C365002882C5 /* HBDao.m in Sources */,
				7D71910821ECD26F003BF379 /* ViewController.m in Sources */,
				7D71911321ECD273003BF379 /* main.m in Sources */,
				7D71910521ECD26F003BF379 /* AppDelegate.m in Sources */,
			);
			runOnlyForDeploymentPostprocessing = 0;
		};
/* End PBXSourcesBuildPhase section */

/* Begin PBXVariantGroup section */
		7D71910921ECD26F003BF379 /* Main.storyboard */ = {
			isa = PBXVariantGroup;
			children = (
				7D71910A21ECD26F003BF379 /* Base */,
			);
			name = Main.storyboard;
			sourceTree = "<group>";
		};
		7D71910E21ECD273003BF379 /* LaunchScreen.storyboard */ = {
			isa = PBXVariantGroup;
			children = (
				7D71910F21ECD273003BF379 /* Base */,
			);
			name = LaunchScreen.storyboard;
			sourceTree = "<group>";
		};
/* End PBXVariantGroup section */

/* Begin XCBuildConfiguration section */
		7D71911421ECD273003BF379 /* Debug */ = {
			isa = XCBuildConfiguration;
			buildSettings = {
				ALWAYS_SEARCH_USER_PATHS = NO;
				CLANG_ANALYZER_NONNULL = YES;
				CLANG_ANALYZER_NUMBER_OBJECT_CONVERSION = YES_AGGRESSIVE;
				CLANG_CXX_LANGUAGE_STANDARD = "gnu++14";
				CLANG_CXX_LIBRARY = "libc++";
				CLANG_ENABLE_MODULES = YES;
				CLANG_ENABLE_OBJC_ARC = YES;
				CLANG_ENABLE_OBJC_WEAK = YES;
				CLANG_WARN_BLOCK_CAPTURE_AUTORELEASING = YES;
				CLANG_WARN_BOOL_CONVERSION = YES;
				CLANG_WARN_COMMA = YES;
				CLANG_WARN_CONSTANT_CONVERSION = YES;
				CLANG_WARN_DEPRECATED_OBJC_IMPLEMENTATIONS = YES;
				CLANG_WARN_DIRECT_OBJC_ISA_USAGE = YES_ERROR;
				CLANG_WARN_DOCUMENTATION_COMMENTS = YES;
				CLANG_WARN_EMPTY_BODY = YES;
				CLANG_WARN_ENUM_CONVERSION = YES;
				CLANG_WARN_INFINITE_RECURSION = YES;
				CLANG_WARN_INT_CONVERSION = YES;
				CLANG_WARN_NON_LITERAL_NULL_CONVERSION = YES;
				CLANG_WARN_OBJC_IMPLICIT_RETAIN_SELF = YES;
				CLANG_WARN_OBJC_LITERAL_CONVERSION = YES;
				CLANG_WARN_OBJC_ROOT_CLASS = YES_ERROR;
				CLANG_WARN_RANGE_LOOP_ANALYSIS = YES;
				CLANG_WARN_STRICT_PROTOTYPES = YES;
				CLANG_WARN_SUSPICIOUS_MOVE = YES;
				CLANG_WARN_UNGUARDED_AVAILABILITY = YES_AGGRESSIVE;
				CLANG_WARN_UNREACHABLE_CODE = YES;
				CLANG_WARN__DUPLICATE_METHOD_MATCH = YES;
				CODE_SIGN_IDENTITY = "iPhone Developer";
				COPY_PHASE_STRIP = NO;
				DEBUG_INFORMATION_FORMAT = dwarf;
				ENABLE_STRICT_OBJC_MSGSEND = YES;
				ENABLE_TESTABILITY = YES;
				GCC_C_LANGUAGE_STANDARD = gnu11;
				GCC_DYNAMIC_NO_PIC = NO;
				GCC_NO_COMMON_BLOCKS = YES;
				GCC_OPTIMIZATION_LEVEL = 0;
				GCC_PREPROCESSOR_DEFINITIONS = (
					"DEBUG=1",
					"$(inherited)",
				);
				GCC_WARN_64_TO_32_BIT_CONVERSION = YES;
				GCC_WARN_ABOUT_RETURN_TYPE = YES_ERROR;
				GCC_WARN_UNDECLARED_SELECTOR = YES;
				GCC_WARN_UNINITIALIZED_AUTOS = YES_AGGRESSIVE;
				GCC_WARN_UNUSED_FUNCTION = YES;
				GCC_WARN_UNUSED_VARIABLE = YES;
				IPHONEOS_DEPLOYMENT_TARGET = 12.1;
				MTL_ENABLE_DEBUG_INFO = INCLUDE_SOURCE;
				MTL_FAST_MATH = YES;
				ONLY_ACTIVE_ARCH = YES;
				SDKROOT = iphoneos;
			};
			name = Debug;
		};
		7D71911521ECD273003BF379 /* Release */ = {
			isa = XCBuildConfiguration;
			buildSettings = {
				ALWAYS_SEARCH_USER_PATHS = NO;
				CLANG_ANALYZER_NONNULL = YES;
				CLANG_ANALYZER_NUMBER_OBJECT_CONVERSION = YES_AGGRESSIVE;
				CLANG_CXX_LANGUAGE_STANDARD = "gnu++14";
				CLANG_CXX_LIBRARY = "libc++";
				CLANG_ENABLE_MODULES = YES;
				CLANG_ENABLE_OBJC_ARC = YES;
				CLANG_ENABLE_OBJC_WEAK = YES;
				CLANG_WARN_BLOCK_CAPTURE_AUTORELEASING = YES;
				CLANG_WARN_BOOL_CONVERSION = YES;
				CLANG_WARN_COMMA = YES;
				CLANG_WARN_CONSTANT_CONVERSION = YES;
				CLANG_WARN_DEPRECATED_OBJC_IMPLEMENTATIONS = YES;
				CLANG_WARN_DIRECT_OBJC_ISA_USAGE = YES_ERROR;
				CLANG_WARN_DOCUMENTATION_COMMENTS = YES;
				CLANG_WARN_EMPTY_BODY = YES;
				CLANG_WARN_ENUM_CONVERSION = YES;
				CLANG_WARN_INFINITE_RECURSION = YES;
				CLANG_WARN_INT_CONVERSION = YES;
				CLANG_WARN_NON_LITERAL_NULL_CONVERSION = YES;
				CLANG_WARN_OBJC_IMPLICIT_RETAIN_SELF = YES;
				CLANG_WARN_OBJC_LITERAL_CONVERSION = YES;
				CLANG_WARN_OBJC_ROOT_CLASS = YES_ERROR;
				CLANG_WARN_RANGE_LOOP_ANALYSIS = YES;
				CLANG_WARN_STRICT_PROTOTYPES = YES;
				CLANG_WARN_SUSPICIOUS_MOVE = YES;
				CLANG_WARN_UNGUARDED_AVAILABILITY = YES_AGGRESSIVE;
				CLANG_WARN_UNREACHABLE_CODE = YES;
				CLANG_WARN__DUPLICATE_METHOD_MATCH = YES;
				CODE_SIGN_IDENTITY = "iPhone Developer";
				COPY_PHASE_STRIP = NO;
				DEBUG_INFORMATION_FORMAT = "dwarf-with-dsym";
				ENABLE_NS_ASSERTIONS = NO;
				ENABLE_STRICT_OBJC_MSGSEND = YES;
				GCC_C_LANGUAGE_STANDARD = gnu11;
				GCC_NO_COMMON_BLOCKS = YES;
				GCC_WARN_64_TO_32_BIT_CONVERSION = YES;
				GCC_WARN_ABOUT_RETURN_TYPE = YES_ERROR;
				GCC_WARN_UNDECLARED_SELECTOR = YES;
				GCC_WARN_UNINITIALIZED_AUTOS = YES_AGGRESSIVE;
				GCC_WARN_UNUSED_FUNCTION = YES;
				GCC_WARN_UNUSED_VARIABLE = YES;
				IPHONEOS_DEPLOYMENT_TARGET = 12.1;
				MTL_ENABLE_DEBUG_INFO = NO;
				MTL_FAST_MATH = YES;
				SDKROOT = iphoneos;
				VALIDATE_PRODUCT = YES;
			};
			name = Release;
		};
		7D71911721ECD273003BF379 /* Debug */ = {
			isa = XCBuildConfiguration;
			baseConfigurationReference = 0082F0F0B23F6B0CBB8FB0A1 /* Pods-HBDataBaseDemo.debug.xcconfig */;
			buildSettings = {
				ASSETCATALOG_COMPILER_APPICON_NAME = AppIcon;
				CODE_SIGN_STYLE = Automatic;
				DEVELOPMENT_TEAM = 28KD37WDEK;
				INFOPLIST_FILE = HBDataBaseDemo/Info.plist;
				IPHONEOS_DEPLOYMENT_TARGET = 9.0;
				LD_RUNPATH_SEARCH_PATHS = (
					"$(inherited)",
					"@executable_path/Frameworks",
				);
				PRODUCT_BUNDLE_IDENTIFIER = P.W.HBDataBaseDemo;
				PRODUCT_NAME = "$(TARGET_NAME)";
				TARGETED_DEVICE_FAMILY = 1;
			};
			name = Debug;
		};
		7D71911821ECD273003BF379 /* Release */ = {
			isa = XCBuildConfiguration;
			baseConfigurationReference = 45E8EA54DA417F513A9A71D2 /* Pods-HBDataBaseDemo.release.xcconfig */;
			buildSettings = {
				ASSETCATALOG_COMPILER_APPICON_NAME = AppIcon;
				CODE_SIGN_STYLE = Automatic;
				DEVELOPMENT_TEAM = 28KD37WDEK;
				INFOPLIST_FILE = HBDataBaseDemo/Info.plist;
				IPHONEOS_DEPLOYMENT_TARGET = 9.0;
				LD_RUNPATH_SEARCH_PATHS = (
					"$(inherited)",
					"@executable_path/Frameworks",
				);
				PRODUCT_BUNDLE_IDENTIFIER = P.W.HBDataBaseDemo;
				PRODUCT_NAME = "$(TARGET_NAME)";
				TARGETED_DEVICE_FAMILY = 1;
			};
			name = Release;
		};
/* End XCBuildConfiguration section */

/* Begin XCConfigurationList section */
		7D7190FB21ECD26F003BF379 /* Build configuration list for PBXProject "HBDataBaseDemo" */ = {
			isa = XCConfigurationList;
			buildConfigurations = (
				7D71911421ECD273003BF379 /* Debug */,
				7D71911521ECD273003BF379 /* Release */,
			);
			defaultConfigurationIsVisible = 0;
			defaultConfigurationName = Release;
		};
		7D71911621ECD273003BF379 /* Build configuration list for PBXNativeTarget "HBDataBaseDemo" */ = {
			isa = XCConfigurationList;
			buildConfigurations = (
				7D71911721ECD273003BF379 /* Debug */,
				7D71911821ECD273003BF379 /* Release */,
			);
			defaultConfigurationIsVisible = 0;
			defaultConfigurationName = Release;
		};
/* End XCConfigurationList section */
	};
	rootObject = 7D7190F821ECD26F003BF379 /* Project object */;
}
